<Solution>
  <Project Path="../../Quang/ERP/ERP/ERP.csproj" Id="d2182ba6-853a-40ef-9e62-779d45de8074" />
  <Project Path="ERPKho1/ERPKho1.csproj" Id="c746ceac-1bb1-494e-822f-78a31a195f17" />
  <Project Path="ERP_BanHang/ERP_BanHang.csproj" Id="3e13f865-681d-47fb-b68f-3141fbf886dc" />
  <Project Path="ERP_Khach/ERP_Khach.csproj" Id="66ba7a4d-58b3-40fe-983f-6949ffd36f52" />
</Solution>
